
Microsoft Visual Studio Solution File, Format Version 12.00
# Visual Studio Version 16
VisualStudioVersion = 16.0.28917.181
MinimumVisualStudioVersion = 10.0.40219.1
Project("{FAE04EC0-301F-11D3-BF4B-00C04F79EFBC}") = "Programa_Clase_1", "Programa_Clase_1\Programa_Clase_1.csproj", "{D3918649-9F81-409E-985B-7AB5CD03091D}"
EndProject
Project("{FAE04EC0-301F-11D3-BF4B-00C04F79EFBC}") = "Programa_Clase_2", "Programa_Clase_2\Programa_Clase_2.csproj", "{BC7C18DF-9B24-4BF5-A6E0-17AC38B882C8}"
EndProject
Global
	GlobalSection(SolutionConfigurationPlatforms) = preSolution
		Debug|Any CPU = Debug|Any CPU
		Release|Any CPU = Release|Any CPU
	EndGlobalSection
	GlobalSection(ProjectConfigurationPlatforms) = postSolution
		{D3918649-9F81-409E-985B-7AB5CD03091D}.Debug|Any CPU.ActiveCfg = Debug|Any CPU
		{D3918649-9F81-409E-985B-7AB5CD03091D}.Debug|Any CPU.Build.0 = Debug|Any CPU
		{D3918649-9F81-409E-985B-7AB5CD03091D}.Release|Any CPU.ActiveCfg = Release|Any CPU
		{D3918649-9F81-409E-985B-7AB5CD03091D}.Release|Any CPU.Build.0 = Release|Any CPU
		{BC7C18DF-9B24-4BF5-A6E0-17AC38B882C8}.Debug|Any CPU.ActiveCfg = Debug|Any CPU
		{BC7C18DF-9B24-4BF5-A6E0-17AC38B882C8}.Debug|Any CPU.Build.0 = Debug|Any CPU
		{BC7C18DF-9B24-4BF5-A6E0-17AC38B882C8}.Release|Any CPU.ActiveCfg = Release|Any CPU
		{BC7C18DF-9B24-4BF5-A6E0-17AC38B882C8}.Release|Any CPU.Build.0 = Release|Any CPU
	EndGlobalSection
	GlobalSection(SolutionProperties) = preSolution
		HideSolutionNode = FALSE
	EndGlobalSection
	GlobalSection(ExtensibilityGlobals) = postSolution
		SolutionGuid = {B6104360-DCF9-435C-B4A5-812E35500CF0}
	EndGlobalSection
EndGlobal
