
Microsoft Visual Studio Solution File, Format Version 12.00
# Visual Studio Version 16
VisualStudioVersion = 16.0.28917.181
MinimumVisualStudioVersion = 10.0.40219.1
Project("{FAE04EC0-301F-11D3-BF4B-00C04F79EFBC}") = "Programa_10_06_2019", "Programa_10_06_2019\Programa_10_06_2019.csproj", "{3F127A3C-5CC8-47AD-A2CE-5A75F43425EC}"
EndProject
Global
	GlobalSection(SolutionConfigurationPlatforms) = preSolution
		Debug|Any CPU = Debug|Any CPU
		Release|Any CPU = Release|Any CPU
	EndGlobalSection
	GlobalSection(ProjectConfigurationPlatforms) = postSolution
		{3F127A3C-5CC8-47AD-A2CE-5A75F43425EC}.Debug|Any CPU.ActiveCfg = Debug|Any CPU
		{3F127A3C-5CC8-47AD-A2CE-5A75F43425EC}.Debug|Any CPU.Build.0 = Debug|Any CPU
		{3F127A3C-5CC8-47AD-A2CE-5A75F43425EC}.Release|Any CPU.ActiveCfg = Release|Any CPU
		{3F127A3C-5CC8-47AD-A2CE-5A75F43425EC}.Release|Any CPU.Build.0 = Release|Any CPU
	EndGlobalSection
	GlobalSection(SolutionProperties) = preSolution
		HideSolutionNode = FALSE
	EndGlobalSection
	GlobalSection(ExtensibilityGlobals) = postSolution
		SolutionGuid = {BEDA38AF-D4F6-4B47-A66D-9C779F76CFD5}
	EndGlobalSection
EndGlobal
